{
  "name": "e2e-outdated",
  "version": "1.0.0",
  "lockfileVersion": 3,
  "requires": true,
  "packages": {
    "": {
      "name": "e2e-outdated",
      "version": "1.0.0",
      "dependencies": {
        "@outdated/scope": "^3.0.0",
        "outdated-alias": "npm:outdated-alias-target@^5.0.0",
        "outdated-normal": "^1.0.0",
        "outdated-overridden": "^7.0.0"
      }
    },
    "node_modules/@outdated/scope": {
      "name": "@outdated/scope",
      "version": "3.0.0"
    },
    "node_modules/outdated-alias": {
      "name": "outdated-alias-target",
      "version": "5.0.0"
    },
    "node_modules/outdated-normal": {
      "name": "outdated-normal",
      "version": "1.0.0"
    },
    "node_modules/outdated-overridden": {
      "name": "outdated-overridden",
      "version": "7.0.0"
    }
  }
}
